
Microsoft Visual Studio Solution File, Format Version 12.00
# Visual Studio Version 17
VisualStudioVersion = 17.12.35514.174 d17.12
MinimumVisualStudioVersion = 10.0.40219.1
Project("{2150E333-8FDC-42A3-9474-1A3956D46DE8}") = "Doc", "Doc", "{5A588F70-24CE-4307-AA0C-D0064EF6A088}"
EndProject
Project("{2150E333-8FDC-42A3-9474-1A3956D46DE8}") = "Src", "Src", "{7E548BE0-E229-4B77-A322-3C8A84B1F9A1}"
EndProject
Project("{2150E333-8FDC-42A3-9474-1A3956D46DE8}") = "Test", "Test", "{F3B9F262-FC20-4A02-9DCB-5DF7DC4EF003}"
EndProject
Project("{2150E333-8FDC-42A3-9474-1A3956D46DE8}") = "Common", "Common", "{50E5D132-8AA8-4B44-AAE1-5A50BE5ABB3C}"
EndProject
Project("{2150E333-8FDC-42A3-9474-1A3956D46DE8}") = "Core", "Core", "{13734C56-A845-46CE-B84C-DCA68ECE95CF}"
EndProject
Project("{2150E333-8FDC-42A3-9474-1A3956D46DE8}") = "InfraStructure", "InfraStructure", "{55372596-6E7D-4FFD-AD2B-6F8FA993A410}"
EndProject
Project("{2150E333-8FDC-42A3-9474-1A3956D46DE8}") = "Presentation", "Presentation", "{0B77FD7E-E7E7-4797-AB87-9645CD662D49}"
EndProject
Project("{FAE04EC0-301F-11D3-BF4B-00C04F79EFBC}") = "Chapato.Common", "Chapato.Common\Chapato.Common.csproj", "{653E10E5-52AE-4096-AFB3-A7E1BA473F08}"
EndProject
Project("{FAE04EC0-301F-11D3-BF4B-00C04F79EFBC}") = "Chapato.Application", "Chapato.Application\Chapato.Application.csproj", "{3EB8C107-F68B-4C46-8BA6-843046542481}"
EndProject
Project("{FAE04EC0-301F-11D3-BF4B-00C04F79EFBC}") = "Chapato.Domain", "Chapato.Domain\Chapato.Domain.csproj", "{CA4B5125-BE47-4D18-9F99-EE669991DB41}"
EndProject
Project("{FAE04EC0-301F-11D3-BF4B-00C04F79EFBC}") = "Chapato.Infrastructure", "Chapato.Infrastructure\Chapato.Infrastructure.csproj", "{7055DFDC-8EB6-4F34-A118-C41664FE7083}"
EndProject
Project("{FAE04EC0-301F-11D3-BF4B-00C04F79EFBC}") = "Chapato.Persistence", "Chapato.Persistence\Chapato.Persistence.csproj", "{A1C830D9-9C68-4D81-8672-E897A616F99D}"
EndProject
Project("{FAE04EC0-301F-11D3-BF4B-00C04F79EFBC}") = "EndPoint.Site", "EndPoint.Site\EndPoint.Site.csproj", "{DEE30307-57B5-44A2-8411-FFE7F24176D2}"
EndProject
Global
	GlobalSection(SolutionConfigurationPlatforms) = preSolution
		Debug|Any CPU = Debug|Any CPU
		Release|Any CPU = Release|Any CPU
	EndGlobalSection
	GlobalSection(ProjectConfigurationPlatforms) = postSolution
		{653E10E5-52AE-4096-AFB3-A7E1BA473F08}.Debug|Any CPU.ActiveCfg = Debug|Any CPU
		{653E10E5-52AE-4096-AFB3-A7E1BA473F08}.Debug|Any CPU.Build.0 = Debug|Any CPU
		{653E10E5-52AE-4096-AFB3-A7E1BA473F08}.Release|Any CPU.ActiveCfg = Release|Any CPU
		{653E10E5-52AE-4096-AFB3-A7E1BA473F08}.Release|Any CPU.Build.0 = Release|Any CPU
		{3EB8C107-F68B-4C46-8BA6-843046542481}.Debug|Any CPU.ActiveCfg = Debug|Any CPU
		{3EB8C107-F68B-4C46-8BA6-843046542481}.Debug|Any CPU.Build.0 = Debug|Any CPU
		{3EB8C107-F68B-4C46-8BA6-843046542481}.Release|Any CPU.ActiveCfg = Release|Any CPU
		{3EB8C107-F68B-4C46-8BA6-843046542481}.Release|Any CPU.Build.0 = Release|Any CPU
		{CA4B5125-BE47-4D18-9F99-EE669991DB41}.Debug|Any CPU.ActiveCfg = Debug|Any CPU
		{CA4B5125-BE47-4D18-9F99-EE669991DB41}.Debug|Any CPU.Build.0 = Debug|Any CPU
		{CA4B5125-BE47-4D18-9F99-EE669991DB41}.Release|Any CPU.ActiveCfg = Release|Any CPU
		{CA4B5125-BE47-4D18-9F99-EE669991DB41}.Release|Any CPU.Build.0 = Release|Any CPU
		{7055DFDC-8EB6-4F34-A118-C41664FE7083}.Debug|Any CPU.ActiveCfg = Debug|Any CPU
		{7055DFDC-8EB6-4F34-A118-C41664FE7083}.Debug|Any CPU.Build.0 = Debug|Any CPU
		{7055DFDC-8EB6-4F34-A118-C41664FE7083}.Release|Any CPU.ActiveCfg = Release|Any CPU
		{7055DFDC-8EB6-4F34-A118-C41664FE7083}.Release|Any CPU.Build.0 = Release|Any CPU
		{A1C830D9-9C68-4D81-8672-E897A616F99D}.Debug|Any CPU.ActiveCfg = Debug|Any CPU
		{A1C830D9-9C68-4D81-8672-E897A616F99D}.Debug|Any CPU.Build.0 = Debug|Any CPU
		{A1C830D9-9C68-4D81-8672-E897A616F99D}.Release|Any CPU.ActiveCfg = Release|Any CPU
		{A1C830D9-9C68-4D81-8672-E897A616F99D}.Release|Any CPU.Build.0 = Release|Any CPU
		{DEE30307-57B5-44A2-8411-FFE7F24176D2}.Debug|Any CPU.ActiveCfg = Debug|Any CPU
		{DEE30307-57B5-44A2-8411-FFE7F24176D2}.Debug|Any CPU.Build.0 = Debug|Any CPU
		{DEE30307-57B5-44A2-8411-FFE7F24176D2}.Release|Any CPU.ActiveCfg = Release|Any CPU
		{DEE30307-57B5-44A2-8411-FFE7F24176D2}.Release|Any CPU.Build.0 = Release|Any CPU
	EndGlobalSection
	GlobalSection(SolutionProperties) = preSolution
		HideSolutionNode = FALSE
	EndGlobalSection
	GlobalSection(NestedProjects) = preSolution
		{50E5D132-8AA8-4B44-AAE1-5A50BE5ABB3C} = {7E548BE0-E229-4B77-A322-3C8A84B1F9A1}
		{13734C56-A845-46CE-B84C-DCA68ECE95CF} = {7E548BE0-E229-4B77-A322-3C8A84B1F9A1}
		{55372596-6E7D-4FFD-AD2B-6F8FA993A410} = {7E548BE0-E229-4B77-A322-3C8A84B1F9A1}
		{0B77FD7E-E7E7-4797-AB87-9645CD662D49} = {7E548BE0-E229-4B77-A322-3C8A84B1F9A1}
		{653E10E5-52AE-4096-AFB3-A7E1BA473F08} = {50E5D132-8AA8-4B44-AAE1-5A50BE5ABB3C}
		{3EB8C107-F68B-4C46-8BA6-843046542481} = {13734C56-A845-46CE-B84C-DCA68ECE95CF}
		{CA4B5125-BE47-4D18-9F99-EE669991DB41} = {13734C56-A845-46CE-B84C-DCA68ECE95CF}
		{7055DFDC-8EB6-4F34-A118-C41664FE7083} = {55372596-6E7D-4FFD-AD2B-6F8FA993A410}
		{A1C830D9-9C68-4D81-8672-E897A616F99D} = {55372596-6E7D-4FFD-AD2B-6F8FA993A410}
		{DEE30307-57B5-44A2-8411-FFE7F24176D2} = {0B77FD7E-E7E7-4797-AB87-9645CD662D49}
	EndGlobalSection
EndGlobal
